
Microsoft Visual Studio Solution File, Format Version 12.00
# Visual Studio 2013
VisualStudioVersion = 12.0.31101.0
MinimumVisualStudioVersion = 10.0.40219.1
Project("{FAE04EC0-301F-11D3-BF4B-00C04F79EFBC}") = "Physics.Api", "Physics.Api\Physics.Api.csproj", "{EB375C79-116E-4F29-BA39-6AABB1F93833}"
EndProject
Project("{FAE04EC0-301F-11D3-BF4B-00C04F79EFBC}") = "Physics.UnitTests", "Physics.UnitTests\Physics.UnitTests.csproj", "{16C7A74E-3948-4622-8289-222DBC994E74}"
EndProject
Project("{FAE04EC0-301F-11D3-BF4B-00C04F79EFBC}") = "Physics.Domain", "Physics.Domain\Physics.Domain.csproj", "{F726BBB1-3FA1-44B7-B8B4-9E78B88D2701}"
EndProject
Project("{FAE04EC0-301F-11D3-BF4B-00C04F79EFBC}") = "Physics.JsonDataAccess", "Physics.JsonDataAccess\Physics.JsonDataAccess.csproj", "{23939991-F476-493E-9D12-7CE574BCD23C}"
EndProject
Global
	GlobalSection(SolutionConfigurationPlatforms) = preSolution
		Debug|Any CPU = Debug|Any CPU
		Release|Any CPU = Release|Any CPU
	EndGlobalSection
	GlobalSection(ProjectConfigurationPlatforms) = postSolution
		{EB375C79-116E-4F29-BA39-6AABB1F93833}.Debug|Any CPU.ActiveCfg = Debug|Any CPU
		{EB375C79-116E-4F29-BA39-6AABB1F93833}.Debug|Any CPU.Build.0 = Debug|Any CPU
		{EB375C79-116E-4F29-BA39-6AABB1F93833}.Release|Any CPU.ActiveCfg = Release|Any CPU
		{EB375C79-116E-4F29-BA39-6AABB1F93833}.Release|Any CPU.Build.0 = Release|Any CPU
		{16C7A74E-3948-4622-8289-222DBC994E74}.Debug|Any CPU.ActiveCfg = Debug|Any CPU
		{16C7A74E-3948-4622-8289-222DBC994E74}.Debug|Any CPU.Build.0 = Debug|Any CPU
		{16C7A74E-3948-4622-8289-222DBC994E74}.Release|Any CPU.ActiveCfg = Release|Any CPU
		{16C7A74E-3948-4622-8289-222DBC994E74}.Release|Any CPU.Build.0 = Release|Any CPU
		{F726BBB1-3FA1-44B7-B8B4-9E78B88D2701}.Debug|Any CPU.ActiveCfg = Debug|Any CPU
		{F726BBB1-3FA1-44B7-B8B4-9E78B88D2701}.Debug|Any CPU.Build.0 = Debug|Any CPU
		{F726BBB1-3FA1-44B7-B8B4-9E78B88D2701}.Release|Any CPU.ActiveCfg = Release|Any CPU
		{F726BBB1-3FA1-44B7-B8B4-9E78B88D2701}.Release|Any CPU.Build.0 = Release|Any CPU
		{23939991-F476-493E-9D12-7CE574BCD23C}.Debug|Any CPU.ActiveCfg = Debug|Any CPU
		{23939991-F476-493E-9D12-7CE574BCD23C}.Debug|Any CPU.Build.0 = Debug|Any CPU
		{23939991-F476-493E-9D12-7CE574BCD23C}.Release|Any CPU.ActiveCfg = Release|Any CPU
		{23939991-F476-493E-9D12-7CE574BCD23C}.Release|Any CPU.Build.0 = Release|Any CPU
	EndGlobalSection
	GlobalSection(SolutionProperties) = preSolution
		HideSolutionNode = FALSE
	EndGlobalSection
EndGlobal
